// !$*UTF8*$!
{
	archiveVersion = 1;
	classes = {
	};
	objectVersion = 46;
	objects = {

/* Begin PBXBuildFile section */
		5705C4881DDC9C5700E51869 /* NSTableView+Rx.swift in Sources */ = {isa = PBXBuildFile; fileRef = 5705C4871DDC9C5700E51869 /* NSTableView+Rx.swift */; };
		5705C48A1DDCA4AE00E51869 /* RxTableViewReactiveArrayDataSource.swift in Sources */ = {isa = PBXBuildFile; fileRef = 5705C4891DDCA4AE00E51869 /* RxTableViewReactiveArrayDataSource.swift */; };
		5705C48C1DDCAAD000E51869 /* RxCocoa.swift in Sources */ = {isa = PBXBuildFile; fileRef = 5705C48B1DDCAAD000E51869 /* RxCocoa.swift */; };
		571E4F0E1DD6CA5100CFDEC6 /* AppDelegate.swift in Sources */ = {isa = PBXBuildFile; fileRef = 571E4F0D1DD6CA5100CFDEC6 /* AppDelegate.swift */; };
		571E4F101DD6CA5100CFDEC6 /* ContentListViewController.swift in Sources */ = {isa = PBXBuildFile; fileRef = 571E4F0F1DD6CA5100CFDEC6 /* ContentListViewController.swift */; };
		571E4F121DD6CA5100CFDEC6 /* Assets.xcassets in Resources */ = {isa = PBXBuildFile; fileRef = 571E4F111DD6CA5100CFDEC6 /* Assets.xcassets */; };
		571E4F151DD6CA5100CFDEC6 /* Main.storyboard in Resources */ = {isa = PBXBuildFile; fileRef = 571E4F131DD6CA5100CFDEC6 /* Main.storyboard */; };
		5766AA421DDF15DD00BCB013 /* DelegateProxyType.swift in Sources */ = {isa = PBXBuildFile; fileRef = 5766AA411DDF15DD00BCB013 /* DelegateProxyType.swift */; };
		578A22301DE18A06009AC36A /* RxTableViewDelegateProxy.swift in Sources */ = {isa = PBXBuildFile; fileRef = 578A222F1DE18A06009AC36A /* RxTableViewDelegateProxy.swift */; };
		578A22341DE197D6009AC36A /* SearchIndex.swift in Sources */ = {isa = PBXBuildFile; fileRef = 578A22331DE197D6009AC36A /* SearchIndex.swift */; };
		578A22371DE19DEC009AC36A /* SearchIndexCreator.swift in Sources */ = {isa = PBXBuildFile; fileRef = 578A22361DE19DEC009AC36A /* SearchIndexCreator.swift */; };
		578A22391DE1ABAE009AC36A /* Result.framework in Frameworks */ = {isa = PBXBuildFile; fileRef = 578A22381DE1ABAE009AC36A /* Result.framework */; };
		578A223A1DE1ABAE009AC36A /* Result.framework in Embed Frameworks */ = {isa = PBXBuildFile; fileRef = 578A22381DE1ABAE009AC36A /* Result.framework */; settings = {ATTRIBUTES = (CodeSignOnCopy, RemoveHeadersOnCopy, ); }; };
		578A223C1DE1ABD4009AC36A /* Result.framework.dSYM in Copy Framework dSYMs */ = {isa = PBXBuildFile; fileRef = 578A223B1DE1ABD4009AC36A /* Result.framework.dSYM */; };
		578AC5B21DD9E53100CFF249 /* RxCocoa.framework in Frameworks */ = {isa = PBXBuildFile; fileRef = 578AC5B01DD9E53100CFF249 /* RxCocoa.framework */; };
		578AC5B31DD9E53100CFF249 /* RxCocoa.framework in Embed Frameworks */ = {isa = PBXBuildFile; fileRef = 578AC5B01DD9E53100CFF249 /* RxCocoa.framework */; settings = {ATTRIBUTES = (CodeSignOnCopy, RemoveHeadersOnCopy, ); }; };
		578AC5B41DD9E53100CFF249 /* RxSwift.framework in Frameworks */ = {isa = PBXBuildFile; fileRef = 578AC5B11DD9E53100CFF249 /* RxSwift.framework */; };
		578AC5B51DD9E53100CFF249 /* RxSwift.framework in Embed Frameworks */ = {isa = PBXBuildFile; fileRef = 578AC5B11DD9E53100CFF249 /* RxSwift.framework */; settings = {ATTRIBUTES = (CodeSignOnCopy, RemoveHeadersOnCopy, ); }; };
		578AC5B81DD9E55800CFF249 /* RxCocoa.framework.dSYM in Copy Framework dSYMs */ = {isa = PBXBuildFile; fileRef = 578AC5B61DD9E55800CFF249 /* RxCocoa.framework.dSYM */; };
		578AC5B91DD9E55800CFF249 /* RxSwift.framework.dSYM in Copy Framework dSYMs */ = {isa = PBXBuildFile; fileRef = 578AC5B71DD9E55800CFF249 /* RxSwift.framework.dSYM */; };
		578AC5BB1DD9E79600CFF249 /* DocumentViewerViewController.swift in Sources */ = {isa = PBXBuildFile; fileRef = 578AC5BA1DD9E79600CFF249 /* DocumentViewerViewController.swift */; };
		578AC5BE1DD9FCAE00CFF249 /* MainContentViewController.swift in Sources */ = {isa = PBXBuildFile; fileRef = 578AC5BD1DD9FCAE00CFF249 /* MainContentViewController.swift */; };
		57AB6D291DDD1EB4003F005B /* RxTableViewDataSourceProxy.swift in Sources */ = {isa = PBXBuildFile; fileRef = 57AB6D281DDD1EB4003F005B /* RxTableViewDataSourceProxy.swift */; };
		57AB6D2B1DDD2480003F005B /* RxTableViewDataSourceType.swift in Sources */ = {isa = PBXBuildFile; fileRef = 57AB6D2A1DDD2480003F005B /* RxTableViewDataSourceType.swift */; };
		57EAF6321DE1B33100D92764 /* CreateIndexResult.swift in Sources */ = {isa = PBXBuildFile; fileRef = 57EAF6311DE1B33100D92764 /* CreateIndexResult.swift */; };
		57F37E7F1DDB55DA003E3BED /* Content.swift in Sources */ = {isa = PBXBuildFile; fileRef = 57F37E7E1DDB55DA003E3BED /* Content.swift */; };
		57FD0C511DD85828002CDAC4 /* APIDocumentation.swift in Sources */ = {isa = PBXBuildFile; fileRef = 57FD0C501DD85828002CDAC4 /* APIDocumentation.swift */; };
		57FD0C531DD85C1F002CDAC4 /* Xcode.swift in Sources */ = {isa = PBXBuildFile; fileRef = 57FD0C521DD85C1F002CDAC4 /* Xcode.swift */; };
		57FD0C551DD860C9002CDAC4 /* SQLite.framework in Frameworks */ = {isa = PBXBuildFile; fileRef = 57FD0C541DD860C9002CDAC4 /* SQLite.framework */; };
		57FD0C561DD860C9002CDAC4 /* SQLite.framework in Embed Frameworks */ = {isa = PBXBuildFile; fileRef = 57FD0C541DD860C9002CDAC4 /* SQLite.framework */; settings = {ATTRIBUTES = (CodeSignOnCopy, RemoveHeadersOnCopy, ); }; };
		57FD0C5B1DD86182002CDAC4 /* SQLite.framework.dSYM in Copy Framework dSYMs */ = {isa = PBXBuildFile; fileRef = 57FD0C5A1DD86182002CDAC4 /* SQLite.framework.dSYM */; };
/* End PBXBuildFile section */

/* Begin PBXCopyFilesBuildPhase section */
		57FD0C571DD860C9002CDAC4 /* Embed Frameworks */ = {
			isa = PBXCopyFilesBuildPhase;
			buildActionMask = 2147483647;
			dstPath = "";
			dstSubfolderSpec = 10;
			files = (
				578AC5B31DD9E53100CFF249 /* RxCocoa.framework in Embed Frameworks */,
				57FD0C561DD860C9002CDAC4 /* SQLite.framework in Embed Frameworks */,
				578AC5B51DD9E53100CFF249 /* RxSwift.framework in Embed Frameworks */,
				578A223A1DE1ABAE009AC36A /* Result.framework in Embed Frameworks */,
			);
			name = "Embed Frameworks";
			runOnlyForDeploymentPostprocessing = 0;
		};
		57FD0C591DD8613C002CDAC4 /* Copy Framework dSYMs */ = {
			isa = PBXCopyFilesBuildPhase;
			buildActionMask = 2147483647;
			dstPath = "";
			dstSubfolderSpec = 16;
			files = (
				578A223C1DE1ABD4009AC36A /* Result.framework.dSYM in Copy Framework dSYMs */,
				578AC5B81DD9E55800CFF249 /* RxCocoa.framework.dSYM in Copy Framework dSYMs */,
				578AC5B91DD9E55800CFF249 /* RxSwift.framework.dSYM in Copy Framework dSYMs */,
				57FD0C5B1DD86182002CDAC4 /* SQLite.framework.dSYM in Copy Framework dSYMs */,
			);
			name = "Copy Framework dSYMs";
			runOnlyForDeploymentPostprocessing = 0;
		};
/* End PBXCopyFilesBuildPhase section */

/* Begin PBXFileReference section */
		5705C4871DDC9C5700E51869 /* NSTableView+Rx.swift */ = {isa = PBXFileReference; fileEncoding = 4; lastKnownFileType = sourcecode.swift; path = "NSTableView+Rx.swift"; sourceTree = "<group>"; };
		5705C4891DDCA4AE00E51869 /* RxTableViewReactiveArrayDataSource.swift */ = {isa = PBXFileReference; fileEncoding = 4; lastKnownFileType = sourcecode.swift; path = RxTableViewReactiveArrayDataSource.swift; sourceTree = "<group>"; };
		5705C48B1DDCAAD000E51869 /* RxCocoa.swift */ = {isa = PBXFileReference; fileEncoding = 4; lastKnownFileType = sourcecode.swift; path = RxCocoa.swift; sourceTree = "<group>"; };
		571E4F0A1DD6CA5100CFDEC6 /* Syu.app */ = {isa = PBXFileReference; explicitFileType = wrapper.application; includeInIndex = 0; path = Syu.app; sourceTree = BUILT_PRODUCTS_DIR; };
		571E4F0D1DD6CA5100CFDEC6 /* AppDelegate.swift */ = {isa = PBXFileReference; lastKnownFileType = sourcecode.swift; path = AppDelegate.swift; sourceTree = "<group>"; };
		571E4F0F1DD6CA5100CFDEC6 /* ContentListViewController.swift */ = {isa = PBXFileReference; lastKnownFileType = sourcecode.swift; path = ContentListViewController.swift; sourceTree = "<group>"; };
		571E4F111DD6CA5100CFDEC6 /* Assets.xcassets */ = {isa = PBXFileReference; lastKnownFileType = folder.assetcatalog; path = Assets.xcassets; sourceTree = "<group>"; };
		571E4F141DD6CA5100CFDEC6 /* Base */ = {isa = PBXFileReference; lastKnownFileType = file.storyboard; name = Base; path = Base.lproj/Main.storyboard; sourceTree = "<group>"; };
		571E4F161DD6CA5100CFDEC6 /* Info.plist */ = {isa = PBXFileReference; lastKnownFileType = text.plist.xml; path = Info.plist; sourceTree = "<group>"; };
		5766AA411DDF15DD00BCB013 /* DelegateProxyType.swift */ = {isa = PBXFileReference; fileEncoding = 4; lastKnownFileType = sourcecode.swift; path = DelegateProxyType.swift; sourceTree = "<group>"; };
		578A222F1DE18A06009AC36A /* RxTableViewDelegateProxy.swift */ = {isa = PBXFileReference; fileEncoding = 4; lastKnownFileType = sourcecode.swift; path = RxTableViewDelegateProxy.swift; sourceTree = "<group>"; };
		578A22331DE197D6009AC36A /* SearchIndex.swift */ = {isa = PBXFileReference; fileEncoding = 4; lastKnownFileType = sourcecode.swift; path = SearchIndex.swift; sourceTree = "<group>"; };
		578A22361DE19DEC009AC36A /* SearchIndexCreator.swift */ = {isa = PBXFileReference; fileEncoding = 4; lastKnownFileType = sourcecode.swift; path = SearchIndexCreator.swift; sourceTree = "<group>"; };
		578A22381DE1ABAE009AC36A /* Result.framework */ = {isa = PBXFileReference; lastKnownFileType = wrapper.framework; name = Result.framework; path = Carthage/Build/Mac/Result.framework; sourceTree = "<group>"; };
		578A223B1DE1ABD4009AC36A /* Result.framework.dSYM */ = {isa = PBXFileReference; lastKnownFileType = wrapper.dsym; name = Result.framework.dSYM; path = Carthage/Build/Mac/Result.framework.dSYM; sourceTree = "<group>"; };
		578AC5B01DD9E53100CFF249 /* RxCocoa.framework */ = {isa = PBXFileReference; lastKnownFileType = wrapper.framework; name = RxCocoa.framework; path = Carthage/Build/Mac/RxCocoa.framework; sourceTree = "<group>"; };
		578AC5B11DD9E53100CFF249 /* RxSwift.framework */ = {isa = PBXFileReference; lastKnownFileType = wrapper.framework; name = RxSwift.framework; path = Carthage/Build/Mac/RxSwift.framework; sourceTree = "<group>"; };
		578AC5B61DD9E55800CFF249 /* RxCocoa.framework.dSYM */ = {isa = PBXFileReference; lastKnownFileType = wrapper.dsym; name = RxCocoa.framework.dSYM; path = Carthage/Build/Mac/RxCocoa.framework.dSYM; sourceTree = "<group>"; };
		578AC5B71DD9E55800CFF249 /* RxSwift.framework.dSYM */ = {isa = PBXFileReference; lastKnownFileType = wrapper.dsym; name = RxSwift.framework.dSYM; path = Carthage/Build/Mac/RxSwift.framework.dSYM; sourceTree = "<group>"; };
		578AC5BA1DD9E79600CFF249 /* DocumentViewerViewController.swift */ = {isa = PBXFileReference; fileEncoding = 4; lastKnownFileType = sourcecode.swift; path = DocumentViewerViewController.swift; sourceTree = "<group>"; };
		578AC5BD1DD9FCAE00CFF249 /* MainContentViewController.swift */ = {isa = PBXFileReference; fileEncoding = 4; lastKnownFileType = sourcecode.swift; path = MainContentViewController.swift; sourceTree = "<group>"; };
		57AB6D281DDD1EB4003F005B /* RxTableViewDataSourceProxy.swift */ = {isa = PBXFileReference; fileEncoding = 4; lastKnownFileType = sourcecode.swift; path = RxTableViewDataSourceProxy.swift; sourceTree = "<group>"; };
		57AB6D2A1DDD2480003F005B /* RxTableViewDataSourceType.swift */ = {isa = PBXFileReference; fileEncoding = 4; lastKnownFileType = sourcecode.swift; path = RxTableViewDataSourceType.swift; sourceTree = "<group>"; };
		57EAF6311DE1B33100D92764 /* CreateIndexResult.swift */ = {isa = PBXFileReference; fileEncoding = 4; lastKnownFileType = sourcecode.swift; path = CreateIndexResult.swift; sourceTree = "<group>"; };
		57F37E7E1DDB55DA003E3BED /* Content.swift */ = {isa = PBXFileReference; fileEncoding = 4; lastKnownFileType = sourcecode.swift; path = Content.swift; sourceTree = "<group>"; };
		57FD0C501DD85828002CDAC4 /* APIDocumentation.swift */ = {isa = PBXFileReference; fileEncoding = 4; lastKnownFileType = sourcecode.swift; path = APIDocumentation.swift; sourceTree = "<group>"; };
		57FD0C521DD85C1F002CDAC4 /* Xcode.swift */ = {isa = PBXFileReference; fileEncoding = 4; lastKnownFileType = sourcecode.swift; path = Xcode.swift; sourceTree = "<group>"; };
		57FD0C541DD860C9002CDAC4 /* SQLite.framework */ = {isa = PBXFileReference; lastKnownFileType = wrapper.framework; name = SQLite.framework; path = Carthage/Build/Mac/SQLite.framework; sourceTree = "<group>"; };
		57FD0C5A1DD86182002CDAC4 /* SQLite.framework.dSYM */ = {isa = PBXFileReference; lastKnownFileType = wrapper.dsym; name = SQLite.framework.dSYM; path = Carthage/Build/Mac/SQLite.framework.dSYM; sourceTree = "<group>"; };
/* End PBXFileReference section */

/* Begin PBXFrameworksBuildPhase section */
		571E4F071DD6CA5100CFDEC6 /* Frameworks */ = {
			isa = PBXFrameworksBuildPhase;
			buildActionMask = 2147483647;
			files = (
				578AC5B21DD9E53100CFF249 /* RxCocoa.framework in Frameworks */,
				57FD0C551DD860C9002CDAC4 /* SQLite.framework in Frameworks */,
				578AC5B41DD9E53100CFF249 /* RxSwift.framework in Frameworks */,
				578A22391DE1ABAE009AC36A /* Result.framework in Frameworks */,
			);
			runOnlyForDeploymentPostprocessing = 0;
		};
/* End PBXFrameworksBuildPhase section */

/* Begin PBXGroup section */
		5705C4861DDC9BF500E51869 /* RxCocoaExtension */ = {
			isa = PBXGroup;
			children = (
				5705C48B1DDCAAD000E51869 /* RxCocoa.swift */,
				5705C4871DDC9C5700E51869 /* NSTableView+Rx.swift */,
				57AB6D281DDD1EB4003F005B /* RxTableViewDataSourceProxy.swift */,
				57AB6D2A1DDD2480003F005B /* RxTableViewDataSourceType.swift */,
				5705C4891DDCA4AE00E51869 /* RxTableViewReactiveArrayDataSource.swift */,
				578A222F1DE18A06009AC36A /* RxTableViewDelegateProxy.swift */,
				5766AA411DDF15DD00BCB013 /* DelegateProxyType.swift */,
			);
			path = RxCocoaExtension;
			sourceTree = "<group>";
		};
		571E4F011DD6CA5100CFDEC6 = {
			isa = PBXGroup;
			children = (
				571E4F0C1DD6CA5100CFDEC6 /* Syu */,
				57FD0C581DD860CF002CDAC4 /* Frameworks */,
				571E4F0B1DD6CA5100CFDEC6 /* Products */,
			);
			sourceTree = "<group>";
		};
		571E4F0B1DD6CA5100CFDEC6 /* Products */ = {
			isa = PBXGroup;
			children = (
				571E4F0A1DD6CA5100CFDEC6 /* Syu.app */,
			);
			name = Products;
			sourceTree = "<group>";
		};
		571E4F0C1DD6CA5100CFDEC6 /* Syu */ = {
			isa = PBXGroup;
			children = (
				578AC5BC1DD9FC8E00CFF249 /* ViewController */,
				578A22351DE19D52009AC36A /* Model */,
				57F37E801DDB55EE003E3BED /* Entity */,
				5705C4861DDC9BF500E51869 /* RxCocoaExtension */,
				571E4F0D1DD6CA5100CFDEC6 /* AppDelegate.swift */,
				571E4F111DD6CA5100CFDEC6 /* Assets.xcassets */,
				571E4F131DD6CA5100CFDEC6 /* Main.storyboard */,
				571E4F161DD6CA5100CFDEC6 /* Info.plist */,
			);
			path = Syu;
			sourceTree = "<group>";
		};
		578A22351DE19D52009AC36A /* Model */ = {
			isa = PBXGroup;
			children = (
				57FD0C521DD85C1F002CDAC4 /* Xcode.swift */,
				57FD0C501DD85828002CDAC4 /* APIDocumentation.swift */,
				578A22361DE19DEC009AC36A /* SearchIndexCreator.swift */,
				57EAF6311DE1B33100D92764 /* CreateIndexResult.swift */,
			);
			path = Model;
			sourceTree = "<group>";
		};
		578AC5BC1DD9FC8E00CFF249 /* ViewController */ = {
			isa = PBXGroup;
			children = (
				578AC5BA1DD9E79600CFF249 /* DocumentViewerViewController.swift */,
				571E4F0F1DD6CA5100CFDEC6 /* ContentListViewController.swift */,
				578AC5BD1DD9FCAE00CFF249 /* MainContentViewController.swift */,
			);
			path = ViewController;
			sourceTree = "<group>";
		};
		57F37E801DDB55EE003E3BED /* Entity */ = {
			isa = PBXGroup;
			children = (
				57F37E7E1DDB55DA003E3BED /* Content.swift */,
				578A22331DE197D6009AC36A /* SearchIndex.swift */,
			);
			path = Entity;
			sourceTree = "<group>";
		};
		57FD0C581DD860CF002CDAC4 /* Frameworks */ = {
			isa = PBXGroup;
			children = (
				578A22381DE1ABAE009AC36A /* Result.framework */,
				578AC5B01DD9E53100CFF249 /* RxCocoa.framework */,
				578AC5B11DD9E53100CFF249 /* RxSwift.framework */,
				57FD0C541DD860C9002CDAC4 /* SQLite.framework */,
				578A223B1DE1ABD4009AC36A /* Result.framework.dSYM */,
				578AC5B61DD9E55800CFF249 /* RxCocoa.framework.dSYM */,
				578AC5B71DD9E55800CFF249 /* RxSwift.framework.dSYM */,
				57FD0C5A1DD86182002CDAC4 /* SQLite.framework.dSYM */,
			);
			name = Frameworks;
			sourceTree = "<group>";
		};
/* End PBXGroup section */

/* Begin PBXNativeTarget section */
		571E4F091DD6CA5100CFDEC6 /* Syu */ = {
			isa = PBXNativeTarget;
			buildConfigurationList = 571E4F191DD6CA5100CFDEC6 /* Build configuration list for PBXNativeTarget "Syu" */;
			buildPhases = (
				571E4F061DD6CA5100CFDEC6 /* Sources */,
				571E4F071DD6CA5100CFDEC6 /* Frameworks */,
				571E4F081DD6CA5100CFDEC6 /* Resources */,
				57FD0C571DD860C9002CDAC4 /* Embed Frameworks */,
				57FD0C591DD8613C002CDAC4 /* Copy Framework dSYMs */,
			);
			buildRules = (
			);
			dependencies = (
			);
			name = Syu;
			productName = Syu;
			productReference = 571E4F0A1DD6CA5100CFDEC6 /* Syu.app */;
			productType = "com.apple.product-type.application";
		};
/* End PBXNativeTarget section */

/* Begin PBXProject section */
		571E4F021DD6CA5100CFDEC6 /* Project object */ = {
			isa = PBXProject;
			attributes = {
				LastSwiftUpdateCheck = 0820;
				LastUpgradeCheck = 0820;
				ORGANIZATIONNAME = slightair;
				TargetAttributes = {
					571E4F091DD6CA5100CFDEC6 = {
						CreatedOnToolsVersion = 8.2;
						ProvisioningStyle = Automatic;
					};
				};
			};
			buildConfigurationList = 571E4F051DD6CA5100CFDEC6 /* Build configuration list for PBXProject "Syu" */;
			compatibilityVersion = "Xcode 3.2";
			developmentRegion = English;
			hasScannedForEncodings = 0;
			knownRegions = (
				en,
				Base,
			);
			mainGroup = 571E4F011DD6CA5100CFDEC6;
			productRefGroup = 571E4F0B1DD6CA5100CFDEC6 /* Products */;
			projectDirPath = "";
			projectRoot = "";
			targets = (
				571E4F091DD6CA5100CFDEC6 /* Syu */,
			);
		};
/* End PBXProject section */

/* Begin PBXResourcesBuildPhase section */
		571E4F081DD6CA5100CFDEC6 /* Resources */ = {
			isa = PBXResourcesBuildPhase;
			buildActionMask = 2147483647;
			files = (
				571E4F121DD6CA5100CFDEC6 /* Assets.xcassets in Resources */,
				571E4F151DD6CA5100CFDEC6 /* Main.storyboard in Resources */,
			);
			runOnlyForDeploymentPostprocessing = 0;
		};
/* End PBXResourcesBuildPhase section */

/* Begin PBXSourcesBuildPhase section */
		571E4F061DD6CA5100CFDEC6 /* Sources */ = {
			isa = PBXSourcesBuildPhase;
			buildActionMask = 2147483647;
			files = (
				57AB6D291DDD1EB4003F005B /* RxTableViewDataSourceProxy.swift in Sources */,
				5766AA421DDF15DD00BCB013 /* DelegateProxyType.swift in Sources */,
				5705C48C1DDCAAD000E51869 /* RxCocoa.swift in Sources */,
				571E4F101DD6CA5100CFDEC6 /* ContentListViewController.swift in Sources */,
				578AC5BE1DD9FCAE00CFF249 /* MainContentViewController.swift in Sources */,
				578A22371DE19DEC009AC36A /* SearchIndexCreator.swift in Sources */,
				5705C4881DDC9C5700E51869 /* NSTableView+Rx.swift in Sources */,
				57F37E7F1DDB55DA003E3BED /* Content.swift in Sources */,
				578A22301DE18A06009AC36A /* RxTableViewDelegateProxy.swift in Sources */,
				5705C48A1DDCA4AE00E51869 /* RxTableViewReactiveArrayDataSource.swift in Sources */,
				57FD0C531DD85C1F002CDAC4 /* Xcode.swift in Sources */,
				57EAF6321DE1B33100D92764 /* CreateIndexResult.swift in Sources */,
				57AB6D2B1DDD2480003F005B /* RxTableViewDataSourceType.swift in Sources */,
				578AC5BB1DD9E79600CFF249 /* DocumentViewerViewController.swift in Sources */,
				57FD0C511DD85828002CDAC4 /* APIDocumentation.swift in Sources */,
				571E4F0E1DD6CA5100CFDEC6 /* AppDelegate.swift in Sources */,
				578A22341DE197D6009AC36A /* SearchIndex.swift in Sources */,
			);
			runOnlyForDeploymentPostprocessing = 0;
		};
/* End PBXSourcesBuildPhase section */

/* Begin PBXVariantGroup section */
		571E4F131DD6CA5100CFDEC6 /* Main.storyboard */ = {
			isa = PBXVariantGroup;
			children = (
				571E4F141DD6CA5100CFDEC6 /* Base */,
			);
			name = Main.storyboard;
			sourceTree = "<group>";
		};
/* End PBXVariantGroup section */

/* Begin XCBuildConfiguration section */
		571E4F171DD6CA5100CFDEC6 /* Debug */ = {
			isa = XCBuildConfiguration;
			buildSettings = {
				ALWAYS_SEARCH_USER_PATHS = NO;
				CLANG_ANALYZER_NONNULL = YES;
				CLANG_CXX_LANGUAGE_STANDARD = "gnu++0x";
				CLANG_CXX_LIBRARY = "libc++";
				CLANG_ENABLE_MODULES = YES;
				CLANG_ENABLE_OBJC_ARC = YES;
				CLANG_WARN_BOOL_CONVERSION = YES;
				CLANG_WARN_CONSTANT_CONVERSION = YES;
				CLANG_WARN_DIRECT_OBJC_ISA_USAGE = YES_ERROR;
				CLANG_WARN_DOCUMENTATION_COMMENTS = YES;
				CLANG_WARN_EMPTY_BODY = YES;
				CLANG_WARN_ENUM_CONVERSION = YES;
				CLANG_WARN_INFINITE_RECURSION = YES;
				CLANG_WARN_INT_CONVERSION = YES;
				CLANG_WARN_OBJC_ROOT_CLASS = YES_ERROR;
				CLANG_WARN_SUSPICIOUS_MOVE = YES;
				CLANG_WARN_UNREACHABLE_CODE = YES;
				CLANG_WARN__DUPLICATE_METHOD_MATCH = YES;
				CODE_SIGN_IDENTITY = "-";
				COPY_PHASE_STRIP = NO;
				DEBUG_INFORMATION_FORMAT = dwarf;
				ENABLE_STRICT_OBJC_MSGSEND = YES;
				ENABLE_TESTABILITY = YES;
				GCC_C_LANGUAGE_STANDARD = gnu99;
				GCC_DYNAMIC_NO_PIC = NO;
				GCC_NO_COMMON_BLOCKS = YES;
				GCC_OPTIMIZATION_LEVEL = 0;
				GCC_PREPROCESSOR_DEFINITIONS = (
					"DEBUG=1",
					"$(inherited)",
				);
				GCC_WARN_64_TO_32_BIT_CONVERSION = YES;
				GCC_WARN_ABOUT_RETURN_TYPE = YES_ERROR;
				GCC_WARN_UNDECLARED_SELECTOR = YES;
				GCC_WARN_UNINITIALIZED_AUTOS = YES_AGGRESSIVE;
				GCC_WARN_UNUSED_FUNCTION = YES;
				GCC_WARN_UNUSED_VARIABLE = YES;
				MACOSX_DEPLOYMENT_TARGET = 10.12;
				MTL_ENABLE_DEBUG_INFO = YES;
				ONLY_ACTIVE_ARCH = YES;
				SDKROOT = macosx;
				SWIFT_ACTIVE_COMPILATION_CONDITIONS = DEBUG;
				SWIFT_OPTIMIZATION_LEVEL = "-Onone";
			};
			name = Debug;
		};
		571E4F181DD6CA5100CFDEC6 /* Release */ = {
			isa = XCBuildConfiguration;
			buildSettings = {
				ALWAYS_SEARCH_USER_PATHS = NO;
				CLANG_ANALYZER_NONNULL = YES;
				CLANG_CXX_LANGUAGE_STANDARD = "gnu++0x";
				CLANG_CXX_LIBRARY = "libc++";
				CLANG_ENABLE_MODULES = YES;
				CLANG_ENABLE_OBJC_ARC = YES;
				CLANG_WARN_BOOL_CONVERSION = YES;
				CLANG_WARN_CONSTANT_CONVERSION = YES;
				CLANG_WARN_DIRECT_OBJC_ISA_USAGE = YES_ERROR;
				CLANG_WARN_DOCUMENTATION_COMMENTS = YES;
				CLANG_WARN_EMPTY_BODY = YES;
				CLANG_WARN_ENUM_CONVERSION = YES;
				CLANG_WARN_INFINITE_RECURSION = YES;
				CLANG_WARN_INT_CONVERSION = YES;
				CLANG_WARN_OBJC_ROOT_CLASS = YES_ERROR;
				CLANG_WARN_SUSPICIOUS_MOVE = YES;
				CLANG_WARN_UNREACHABLE_CODE = YES;
				CLANG_WARN__DUPLICATE_METHOD_MATCH = YES;
				CODE_SIGN_IDENTITY = "-";
				COPY_PHASE_STRIP = NO;
				DEBUG_INFORMATION_FORMAT = "dwarf-with-dsym";
				ENABLE_NS_ASSERTIONS = NO;
				ENABLE_STRICT_OBJC_MSGSEND = YES;
				GCC_C_LANGUAGE_STANDARD = gnu99;
				GCC_NO_COMMON_BLOCKS = YES;
				GCC_WARN_64_TO_32_BIT_CONVERSION = YES;
				GCC_WARN_ABOUT_RETURN_TYPE = YES_ERROR;
				GCC_WARN_UNDECLARED_SELECTOR = YES;
				GCC_WARN_UNINITIALIZED_AUTOS = YES_AGGRESSIVE;
				GCC_WARN_UNUSED_FUNCTION = YES;
				GCC_WARN_UNUSED_VARIABLE = YES;
				MACOSX_DEPLOYMENT_TARGET = 10.12;
				MTL_ENABLE_DEBUG_INFO = NO;
				SDKROOT = macosx;
				SWIFT_OPTIMIZATION_LEVEL = "-Owholemodule";
			};
			name = Release;
		};
		571E4F1A1DD6CA5100CFDEC6 /* Debug */ = {
			isa = XCBuildConfiguration;
			buildSettings = {
				ASSETCATALOG_COMPILER_APPICON_NAME = AppIcon;
				COMBINE_HIDPI_IMAGES = YES;
				FRAMEWORK_SEARCH_PATHS = (
					"$(inherited)",
					"$(PROJECT_DIR)/Carthage/Build/Mac",
				);
				INFOPLIST_FILE = Syu/Info.plist;
				LD_RUNPATH_SEARCH_PATHS = "$(inherited) @executable_path/../Frameworks";
				PRODUCT_BUNDLE_IDENTIFIER = cc.clv.Syu;
				PRODUCT_NAME = "$(TARGET_NAME)";
				SWIFT_VERSION = 3.0;
			};
			name = Debug;
		};
		571E4F1B1DD6CA5100CFDEC6 /* Release */ = {
			isa = XCBuildConfiguration;
			buildSettings = {
				ASSETCATALOG_COMPILER_APPICON_NAME = AppIcon;
				COMBINE_HIDPI_IMAGES = YES;
				FRAMEWORK_SEARCH_PATHS = (
					"$(inherited)",
					"$(PROJECT_DIR)/Carthage/Build/Mac",
				);
				INFOPLIST_FILE = Syu/Info.plist;
				LD_RUNPATH_SEARCH_PATHS = "$(inherited) @executable_path/../Frameworks";
				PRODUCT_BUNDLE_IDENTIFIER = cc.clv.Syu;
				PRODUCT_NAME = "$(TARGET_NAME)";
				SWIFT_VERSION = 3.0;
			};
			name = Release;
		};
/* End XCBuildConfiguration section */

/* Begin XCConfigurationList section */
		571E4F051DD6CA5100CFDEC6 /* Build configuration list for PBXProject "Syu" */ = {
			isa = XCConfigurationList;
			buildConfigurations = (
				571E4F171DD6CA5100CFDEC6 /* Debug */,
				571E4F181DD6CA5100CFDEC6 /* Release */,
			);
			defaultConfigurationIsVisible = 0;
			defaultConfigurationName = Release;
		};
		571E4F191DD6CA5100CFDEC6 /* Build configuration list for PBXNativeTarget "Syu" */ = {
			isa = XCConfigurationList;
			buildConfigurations = (
				571E4F1A1DD6CA5100CFDEC6 /* Debug */,
				571E4F1B1DD6CA5100CFDEC6 /* Release */,
			);
			defaultConfigurationIsVisible = 0;
			defaultConfigurationName = Release;
		};
/* End XCConfigurationList section */
	};
	rootObject = 571E4F021DD6CA5100CFDEC6 /* Project object */;
}
