// !$*UTF8*$!
{
	archiveVersion = 1;
	classes = {
	};
	objectVersion = 46;
	objects = {

/* Begin PBXBuildFile section */
		571E4F0E1DD6CA5100CFDEC6 /* AppDelegate.swift in Sources */ = {isa = PBXBuildFile; fileRef = 571E4F0D1DD6CA5100CFDEC6 /* AppDelegate.swift */; };
		571E4F101DD6CA5100CFDEC6 /* ViewController.swift in Sources */ = {isa = PBXBuildFile; fileRef = 571E4F0F1DD6CA5100CFDEC6 /* ViewController.swift */; };
		571E4F121DD6CA5100CFDEC6 /* Assets.xcassets in Resources */ = {isa = PBXBuildFile; fileRef = 571E4F111DD6CA5100CFDEC6 /* Assets.xcassets */; };
		571E4F151DD6CA5100CFDEC6 /* Main.storyboard in Resources */ = {isa = PBXBuildFile; fileRef = 571E4F131DD6CA5100CFDEC6 /* Main.storyboard */; };
/* End PBXBuildFile section */

/* Begin PBXFileReference section */
		571E4F0A1DD6CA5100CFDEC6 /* Syu.app */ = {isa = PBXFileReference; explicitFileType = wrapper.application; includeInIndex = 0; path = Syu.app; sourceTree = BUILT_PRODUCTS_DIR; };
		571E4F0D1DD6CA5100CFDEC6 /* AppDelegate.swift */ = {isa = PBXFileReference; lastKnownFileType = sourcecode.swift; path = AppDelegate.swift; sourceTree = "<group>"; };
		571E4F0F1DD6CA5100CFDEC6 /* ViewController.swift */ = {isa = PBXFileReference; lastKnownFileType = sourcecode.swift; path = ViewController.swift; sourceTree = "<group>"; };
		571E4F111DD6CA5100CFDEC6 /* Assets.xcassets */ = {isa = PBXFileReference; lastKnownFileType = folder.assetcatalog; path = Assets.xcassets; sourceTree = "<group>"; };
		571E4F141DD6CA5100CFDEC6 /* Base */ = {isa = PBXFileReference; lastKnownFileType = file.storyboard; name = Base; path = Base.lproj/Main.storyboard; sourceTree = "<group>"; };
		571E4F161DD6CA5100CFDEC6 /* Info.plist */ = {isa = PBXFileReference; lastKnownFileType = text.plist.xml; path = Info.plist; sourceTree = "<group>"; };
/* End PBXFileReference section */

/* Begin PBXFrameworksBuildPhase section */
		571E4F071DD6CA5100CFDEC6 /* Frameworks */ = {
			isa = PBXFrameworksBuildPhase;
			buildActionMask = 2147483647;
			files = (
			);
			runOnlyForDeploymentPostprocessing = 0;
		};
/* End PBXFrameworksBuildPhase section */

/* Begin PBXGroup section */
		571E4F011DD6CA5100CFDEC6 = {
			isa = PBXGroup;
			children = (
				571E4F0C1DD6CA5100CFDEC6 /* Syu */,
				571E4F0B1DD6CA5100CFDEC6 /* Products */,
			);
			sourceTree = "<group>";
		};
		571E4F0B1DD6CA5100CFDEC6 /* Products */ = {
			isa = PBXGroup;
			children = (
				571E4F0A1DD6CA5100CFDEC6 /* Syu.app */,
			);
			name = Products;
			sourceTree = "<group>";
		};
		571E4F0C1DD6CA5100CFDEC6 /* Syu */ = {
			isa = PBXGroup;
			children = (
				571E4F0D1DD6CA5100CFDEC6 /* AppDelegate.swift */,
				571E4F0F1DD6CA5100CFDEC6 /* ViewController.swift */,
				571E4F111DD6CA5100CFDEC6 /* Assets.xcassets */,
				571E4F131DD6CA5100CFDEC6 /* Main.storyboard */,
				571E4F161DD6CA5100CFDEC6 /* Info.plist */,
			);
			path = Syu;
			sourceTree = "<group>";
		};
/* End PBXGroup section */

/* Begin PBXNativeTarget section */
		571E4F091DD6CA5100CFDEC6 /* Syu */ = {
			isa = PBXNativeTarget;
			buildConfigurationList = 571E4F191DD6CA5100CFDEC6 /* Build configuration list for PBXNativeTarget "Syu" */;
			buildPhases = (
				571E4F061DD6CA5100CFDEC6 /* Sources */,
				571E4F071DD6CA5100CFDEC6 /* Frameworks */,
				571E4F081DD6CA5100CFDEC6 /* Resources */,
			);
			buildRules = (
			);
			dependencies = (
			);
			name = Syu;
			productName = Syu;
			productReference = 571E4F0A1DD6CA5100CFDEC6 /* Syu.app */;
			productType = "com.apple.product-type.application";
		};
/* End PBXNativeTarget section */

/* Begin PBXProject section */
		571E4F021DD6CA5100CFDEC6 /* Project object */ = {
			isa = PBXProject;
			attributes = {
				LastSwiftUpdateCheck = 0820;
				LastUpgradeCheck = 0820;
				ORGANIZATIONNAME = slightair;
				TargetAttributes = {
					571E4F091DD6CA5100CFDEC6 = {
						CreatedOnToolsVersion = 8.2;
						ProvisioningStyle = Automatic;
					};
				};
			};
			buildConfigurationList = 571E4F051DD6CA5100CFDEC6 /* Build configuration list for PBXProject "Syu" */;
			compatibilityVersion = "Xcode 3.2";
			developmentRegion = English;
			hasScannedForEncodings = 0;
			knownRegions = (
				en,
				Base,
			);
			mainGroup = 571E4F011DD6CA5100CFDEC6;
			productRefGroup = 571E4F0B1DD6CA5100CFDEC6 /* Products */;
			projectDirPath = "";
			projectRoot = "";
			targets = (
				571E4F091DD6CA5100CFDEC6 /* Syu */,
			);
		};
/* End PBXProject section */

/* Begin PBXResourcesBuildPhase section */
		571E4F081DD6CA5100CFDEC6 /* Resources */ = {
			isa = PBXResourcesBuildPhase;
			buildActionMask = 2147483647;
			files = (
				571E4F121DD6CA5100CFDEC6 /* Assets.xcassets in Resources */,
				571E4F151DD6CA5100CFDEC6 /* Main.storyboard in Resources */,
			);
			runOnlyForDeploymentPostprocessing = 0;
		};
/* End PBXResourcesBuildPhase section */

/* Begin PBXSourcesBuildPhase section */
		571E4F061DD6CA5100CFDEC6 /* Sources */ = {
			isa = PBXSourcesBuildPhase;
			buildActionMask = 2147483647;
			files = (
				571E4F101DD6CA5100CFDEC6 /* ViewController.swift in Sources */,
				571E4F0E1DD6CA5100CFDEC6 /* AppDelegate.swift in Sources */,
			);
			runOnlyForDeploymentPostprocessing = 0;
		};
/* End PBXSourcesBuildPhase section */

/* Begin PBXVariantGroup section */
		571E4F131DD6CA5100CFDEC6 /* Main.storyboard */ = {
			isa = PBXVariantGroup;
			children = (
				571E4F141DD6CA5100CFDEC6 /* Base */,
			);
			name = Main.storyboard;
			sourceTree = "<group>";
		};
/* End PBXVariantGroup section */

/* Begin XCBuildConfiguration section */
		571E4F171DD6CA5100CFDEC6 /* Debug */ = {
			isa = XCBuildConfiguration;
			buildSettings = {
				ALWAYS_SEARCH_USER_PATHS = NO;
				CLANG_ANALYZER_NONNULL = YES;
				CLANG_CXX_LANGUAGE_STANDARD = "gnu++0x";
				CLANG_CXX_LIBRARY = "libc++";
				CLANG_ENABLE_MODULES = YES;
				CLANG_ENABLE_OBJC_ARC = YES;
				CLANG_WARN_BOOL_CONVERSION = YES;
				CLANG_WARN_CONSTANT_CONVERSION = YES;
				CLANG_WARN_DIRECT_OBJC_ISA_USAGE = YES_ERROR;
				CLANG_WARN_DOCUMENTATION_COMMENTS = YES;
				CLANG_WARN_EMPTY_BODY = YES;
				CLANG_WARN_ENUM_CONVERSION = YES;
				CLANG_WARN_INFINITE_RECURSION = YES;
				CLANG_WARN_INT_CONVERSION = YES;
				CLANG_WARN_OBJC_ROOT_CLASS = YES_ERROR;
				CLANG_WARN_SUSPICIOUS_MOVE = YES;
				CLANG_WARN_UNREACHABLE_CODE = YES;
				CLANG_WARN__DUPLICATE_METHOD_MATCH = YES;
				CODE_SIGN_IDENTITY = "-";
				COPY_PHASE_STRIP = NO;
				DEBUG_INFORMATION_FORMAT = dwarf;
				ENABLE_STRICT_OBJC_MSGSEND = YES;
				ENABLE_TESTABILITY = YES;
				GCC_C_LANGUAGE_STANDARD = gnu99;
				GCC_DYNAMIC_NO_PIC = NO;
				GCC_NO_COMMON_BLOCKS = YES;
				GCC_OPTIMIZATION_LEVEL = 0;
				GCC_PREPROCESSOR_DEFINITIONS = (
					"DEBUG=1",
					"$(inherited)",
				);
				GCC_WARN_64_TO_32_BIT_CONVERSION = YES;
				GCC_WARN_ABOUT_RETURN_TYPE = YES_ERROR;
				GCC_WARN_UNDECLARED_SELECTOR = YES;
				GCC_WARN_UNINITIALIZED_AUTOS = YES_AGGRESSIVE;
				GCC_WARN_UNUSED_FUNCTION = YES;
				GCC_WARN_UNUSED_VARIABLE = YES;
				MACOSX_DEPLOYMENT_TARGET = 10.12;
				MTL_ENABLE_DEBUG_INFO = YES;
				ONLY_ACTIVE_ARCH = YES;
				SDKROOT = macosx;
				SWIFT_ACTIVE_COMPILATION_CONDITIONS = DEBUG;
				SWIFT_OPTIMIZATION_LEVEL = "-Onone";
			};
			name = Debug;
		};
		571E4F181DD6CA5100CFDEC6 /* Release */ = {
			isa = XCBuildConfiguration;
			buildSettings = {
				ALWAYS_SEARCH_USER_PATHS = NO;
				CLANG_ANALYZER_NONNULL = YES;
				CLANG_CXX_LANGUAGE_STANDARD = "gnu++0x";
				CLANG_CXX_LIBRARY = "libc++";
				CLANG_ENABLE_MODULES = YES;
				CLANG_ENABLE_OBJC_ARC = YES;
				CLANG_WARN_BOOL_CONVERSION = YES;
				CLANG_WARN_CONSTANT_CONVERSION = YES;
				CLANG_WARN_DIRECT_OBJC_ISA_USAGE = YES_ERROR;
				CLANG_WARN_DOCUMENTATION_COMMENTS = YES;
				CLANG_WARN_EMPTY_BODY = YES;
				CLANG_WARN_ENUM_CONVERSION = YES;
				CLANG_WARN_INFINITE_RECURSION = YES;
				CLANG_WARN_INT_CONVERSION = YES;
				CLANG_WARN_OBJC_ROOT_CLASS = YES_ERROR;
				CLANG_WARN_SUSPICIOUS_MOVE = YES;
				CLANG_WARN_UNREACHABLE_CODE = YES;
				CLANG_WARN__DUPLICATE_METHOD_MATCH = YES;
				CODE_SIGN_IDENTITY = "-";
				COPY_PHASE_STRIP = NO;
				DEBUG_INFORMATION_FORMAT = "dwarf-with-dsym";
				ENABLE_NS_ASSERTIONS = NO;
				ENABLE_STRICT_OBJC_MSGSEND = YES;
				GCC_C_LANGUAGE_STANDARD = gnu99;
				GCC_NO_COMMON_BLOCKS = YES;
				GCC_WARN_64_TO_32_BIT_CONVERSION = YES;
				GCC_WARN_ABOUT_RETURN_TYPE = YES_ERROR;
				GCC_WARN_UNDECLARED_SELECTOR = YES;
				GCC_WARN_UNINITIALIZED_AUTOS = YES_AGGRESSIVE;
				GCC_WARN_UNUSED_FUNCTION = YES;
				GCC_WARN_UNUSED_VARIABLE = YES;
				MACOSX_DEPLOYMENT_TARGET = 10.12;
				MTL_ENABLE_DEBUG_INFO = NO;
				SDKROOT = macosx;
				SWIFT_OPTIMIZATION_LEVEL = "-Owholemodule";
			};
			name = Release;
		};
		571E4F1A1DD6CA5100CFDEC6 /* Debug */ = {
			isa = XCBuildConfiguration;
			buildSettings = {
				ASSETCATALOG_COMPILER_APPICON_NAME = AppIcon;
				COMBINE_HIDPI_IMAGES = YES;
				INFOPLIST_FILE = Syu/Info.plist;
				LD_RUNPATH_SEARCH_PATHS = "$(inherited) @executable_path/../Frameworks";
				PRODUCT_BUNDLE_IDENTIFIER = cc.clv.Syu;
				PRODUCT_NAME = "$(TARGET_NAME)";
				SWIFT_VERSION = 3.0;
			};
			name = Debug;
		};
		571E4F1B1DD6CA5100CFDEC6 /* Release */ = {
			isa = XCBuildConfiguration;
			buildSettings = {
				ASSETCATALOG_COMPILER_APPICON_NAME = AppIcon;
				COMBINE_HIDPI_IMAGES = YES;
				INFOPLIST_FILE = Syu/Info.plist;
				LD_RUNPATH_SEARCH_PATHS = "$(inherited) @executable_path/../Frameworks";
				PRODUCT_BUNDLE_IDENTIFIER = cc.clv.Syu;
				PRODUCT_NAME = "$(TARGET_NAME)";
				SWIFT_VERSION = 3.0;
			};
			name = Release;
		};
/* End XCBuildConfiguration section */

/* Begin XCConfigurationList section */
		571E4F051DD6CA5100CFDEC6 /* Build configuration list for PBXProject "Syu" */ = {
			isa = XCConfigurationList;
			buildConfigurations = (
				571E4F171DD6CA5100CFDEC6 /* Debug */,
				571E4F181DD6CA5100CFDEC6 /* Release */,
			);
			defaultConfigurationIsVisible = 0;
			defaultConfigurationName = Release;
		};
		571E4F191DD6CA5100CFDEC6 /* Build configuration list for PBXNativeTarget "Syu" */ = {
			isa = XCConfigurationList;
			buildConfigurations = (
				571E4F1A1DD6CA5100CFDEC6 /* Debug */,
				571E4F1B1DD6CA5100CFDEC6 /* Release */,
			);
			defaultConfigurationIsVisible = 0;
		};
/* End XCConfigurationList section */
	};
	rootObject = 571E4F021DD6CA5100CFDEC6 /* Project object */;
}
